
Microsoft Visual Studio Solution File, Format Version 12.00
Project("{F2A71F9B-5D33-465A-A702-920D77279786}") = "GeneratorOfSparseMatrices", "src\GeneratorOfSparseMatrices\GeneratorOfSparseMatrices.fsproj", "{D9B968D9-23F5-443F-B744-6464F7027758}"
EndProject
Project("{F2A71F9B-5D33-465A-A702-920D77279786}") = "homework4", "src\homework4\homework4.fsproj", "{A3806CAA-2735-4AA3-9DF6-9BC6D5EBD1CD}"
EndProject
Project("{F2A71F9B-5D33-465A-A702-920D77279786}") = "homework6", "src\homework6\homework6.fsproj", "{CB1E3A61-7830-42EF-9834-51B00AC81E14}"
EndProject
Project("{F2A71F9B-5D33-465A-A702-920D77279786}") = "homework7", "src\homework7\homework7.fsproj", "{94604284-A31D-47FD-8E7B-D8710B497498}"
EndProject
Project("{F2A71F9B-5D33-465A-A702-920D77279786}") = "QuadTree", "src\homework8\QuadTree.fsproj", "{02A72D82-AF3B-4212-937D-A45E92F90C8E}"
EndProject
Project("{F2A71F9B-5D33-465A-A702-920D77279786}") = "homework", "src\homework_2\homework.fsproj", "{7582ADD3-5AA7-4487-B94B-48FFF54F59DF}"
EndProject
Project("{2150E333-8FDC-42A3-9474-1A3956D46DE8}") = "tests", "tests", "{39D92A4B-BADD-434D-AB4A-51B303ECE2DC}"
EndProject
Project("{F2A71F9B-5D33-465A-A702-920D77279786}") = "homework2.Tests", "tests\homework2.Tests\homework2.Tests.fsproj", "{B8748760-C40A-4980-BC55-285BBCBBB434}"
EndProject
Project("{F2A71F9B-5D33-465A-A702-920D77279786}") = "hw6Tests", "tests\hw6Tests\hw6Tests.fsproj", "{60B814C1-61B0-448A-9ADE-54B2B9824B69}"
EndProject
Project("{F2A71F9B-5D33-465A-A702-920D77279786}") = "hw8Test", "tests\hw8Test\hw8Test.fsproj", "{B1695F2B-7ECB-4994-87BC-BF49A10EEF7E}"
EndProject
Project("{F2A71F9B-5D33-465A-A702-920D77279786}") = "hw7Tests", "tests\NUnitTestProject1\hw7Tests.fsproj", "{A47DA88F-D1FD-48F7-85CE-392ABECE4E2E}"
EndProject
Project("{2150E333-8FDC-42A3-9474-1A3956D46DE8}") = "src", "src", "{FB2B59C0-EF34-4198-8D31-D516F40CBF35}"
EndProject
Global
	GlobalSection(SolutionConfigurationPlatforms) = preSolution
		Debug|Any CPU = Debug|Any CPU
		Release|Any CPU = Release|Any CPU
	EndGlobalSection
	GlobalSection(ProjectConfigurationPlatforms) = postSolution
		{D9B968D9-23F5-443F-B744-6464F7027758}.Debug|Any CPU.ActiveCfg = Debug|Any CPU
		{D9B968D9-23F5-443F-B744-6464F7027758}.Debug|Any CPU.Build.0 = Debug|Any CPU
		{D9B968D9-23F5-443F-B744-6464F7027758}.Release|Any CPU.ActiveCfg = Release|Any CPU
		{D9B968D9-23F5-443F-B744-6464F7027758}.Release|Any CPU.Build.0 = Release|Any CPU
		{A3806CAA-2735-4AA3-9DF6-9BC6D5EBD1CD}.Debug|Any CPU.ActiveCfg = Debug|Any CPU
		{A3806CAA-2735-4AA3-9DF6-9BC6D5EBD1CD}.Debug|Any CPU.Build.0 = Debug|Any CPU
		{A3806CAA-2735-4AA3-9DF6-9BC6D5EBD1CD}.Release|Any CPU.ActiveCfg = Release|Any CPU
		{A3806CAA-2735-4AA3-9DF6-9BC6D5EBD1CD}.Release|Any CPU.Build.0 = Release|Any CPU
		{CB1E3A61-7830-42EF-9834-51B00AC81E14}.Debug|Any CPU.ActiveCfg = Debug|Any CPU
		{CB1E3A61-7830-42EF-9834-51B00AC81E14}.Debug|Any CPU.Build.0 = Debug|Any CPU
		{CB1E3A61-7830-42EF-9834-51B00AC81E14}.Release|Any CPU.ActiveCfg = Release|Any CPU
		{CB1E3A61-7830-42EF-9834-51B00AC81E14}.Release|Any CPU.Build.0 = Release|Any CPU
		{94604284-A31D-47FD-8E7B-D8710B497498}.Debug|Any CPU.ActiveCfg = Debug|Any CPU
		{94604284-A31D-47FD-8E7B-D8710B497498}.Debug|Any CPU.Build.0 = Debug|Any CPU
		{94604284-A31D-47FD-8E7B-D8710B497498}.Release|Any CPU.ActiveCfg = Release|Any CPU
		{94604284-A31D-47FD-8E7B-D8710B497498}.Release|Any CPU.Build.0 = Release|Any CPU
		{02A72D82-AF3B-4212-937D-A45E92F90C8E}.Debug|Any CPU.ActiveCfg = Debug|Any CPU
		{02A72D82-AF3B-4212-937D-A45E92F90C8E}.Debug|Any CPU.Build.0 = Debug|Any CPU
		{02A72D82-AF3B-4212-937D-A45E92F90C8E}.Release|Any CPU.ActiveCfg = Release|Any CPU
		{02A72D82-AF3B-4212-937D-A45E92F90C8E}.Release|Any CPU.Build.0 = Release|Any CPU
		{7582ADD3-5AA7-4487-B94B-48FFF54F59DF}.Debug|Any CPU.ActiveCfg = Debug|Any CPU
		{7582ADD3-5AA7-4487-B94B-48FFF54F59DF}.Debug|Any CPU.Build.0 = Debug|Any CPU
		{7582ADD3-5AA7-4487-B94B-48FFF54F59DF}.Release|Any CPU.ActiveCfg = Release|Any CPU
		{7582ADD3-5AA7-4487-B94B-48FFF54F59DF}.Release|Any CPU.Build.0 = Release|Any CPU
		{B8748760-C40A-4980-BC55-285BBCBBB434}.Debug|Any CPU.ActiveCfg = Debug|Any CPU
		{B8748760-C40A-4980-BC55-285BBCBBB434}.Debug|Any CPU.Build.0 = Debug|Any CPU
		{B8748760-C40A-4980-BC55-285BBCBBB434}.Release|Any CPU.ActiveCfg = Release|Any CPU
		{B8748760-C40A-4980-BC55-285BBCBBB434}.Release|Any CPU.Build.0 = Release|Any CPU
		{60B814C1-61B0-448A-9ADE-54B2B9824B69}.Debug|Any CPU.ActiveCfg = Debug|Any CPU
		{60B814C1-61B0-448A-9ADE-54B2B9824B69}.Debug|Any CPU.Build.0 = Debug|Any CPU
		{60B814C1-61B0-448A-9ADE-54B2B9824B69}.Release|Any CPU.ActiveCfg = Release|Any CPU
		{60B814C1-61B0-448A-9ADE-54B2B9824B69}.Release|Any CPU.Build.0 = Release|Any CPU
		{B1695F2B-7ECB-4994-87BC-BF49A10EEF7E}.Debug|Any CPU.ActiveCfg = Debug|Any CPU
		{B1695F2B-7ECB-4994-87BC-BF49A10EEF7E}.Debug|Any CPU.Build.0 = Debug|Any CPU
		{B1695F2B-7ECB-4994-87BC-BF49A10EEF7E}.Release|Any CPU.ActiveCfg = Release|Any CPU
		{B1695F2B-7ECB-4994-87BC-BF49A10EEF7E}.Release|Any CPU.Build.0 = Release|Any CPU
		{A47DA88F-D1FD-48F7-85CE-392ABECE4E2E}.Debug|Any CPU.ActiveCfg = Debug|Any CPU
		{A47DA88F-D1FD-48F7-85CE-392ABECE4E2E}.Debug|Any CPU.Build.0 = Debug|Any CPU
		{A47DA88F-D1FD-48F7-85CE-392ABECE4E2E}.Release|Any CPU.ActiveCfg = Release|Any CPU
		{A47DA88F-D1FD-48F7-85CE-392ABECE4E2E}.Release|Any CPU.Build.0 = Release|Any CPU
	EndGlobalSection
	GlobalSection(NestedProjects) = preSolution
		{B8748760-C40A-4980-BC55-285BBCBBB434} = {39D92A4B-BADD-434D-AB4A-51B303ECE2DC}
		{60B814C1-61B0-448A-9ADE-54B2B9824B69} = {39D92A4B-BADD-434D-AB4A-51B303ECE2DC}
		{B1695F2B-7ECB-4994-87BC-BF49A10EEF7E} = {39D92A4B-BADD-434D-AB4A-51B303ECE2DC}
		{A47DA88F-D1FD-48F7-85CE-392ABECE4E2E} = {39D92A4B-BADD-434D-AB4A-51B303ECE2DC}
		{D9B968D9-23F5-443F-B744-6464F7027758} = {FB2B59C0-EF34-4198-8D31-D516F40CBF35}
		{7582ADD3-5AA7-4487-B94B-48FFF54F59DF} = {FB2B59C0-EF34-4198-8D31-D516F40CBF35}
		{A3806CAA-2735-4AA3-9DF6-9BC6D5EBD1CD} = {FB2B59C0-EF34-4198-8D31-D516F40CBF35}
		{CB1E3A61-7830-42EF-9834-51B00AC81E14} = {FB2B59C0-EF34-4198-8D31-D516F40CBF35}
		{94604284-A31D-47FD-8E7B-D8710B497498} = {FB2B59C0-EF34-4198-8D31-D516F40CBF35}
		{02A72D82-AF3B-4212-937D-A45E92F90C8E} = {FB2B59C0-EF34-4198-8D31-D516F40CBF35}
	EndGlobalSection
EndGlobal
