Microsoft Visual Studio Solution File, Format Version 12.00
# Visual Studio Version 16
VisualStudioVersion = 16.0.30413.136
MinimumVisualStudioVersion = 15.0.26124.0
Project("{2150E333-8FDC-42A3-9474-1A3956D46DE8}") = "src", "src", "{C397A34C-84F1-49E7-AEBC-2F9F2B196216}"
EndProject
Project("{2150E333-8FDC-42A3-9474-1A3956D46DE8}") = "tests", "tests", "{ACBEE43C-7A88-4FB1-9B06-DB064D22B29F}"
EndProject
Project("{6EC3EE1D-3C4E-46DD-8F32-0CC8E7565705}") = "homework", "src\homework_2\homework.fsproj", "{7744C7C0-B570-4B66-843E-CB1CE1D6C475}"
EndProject
Project("{6EC3EE1D-3C4E-46DD-8F32-0CC8E7565705}") = "homework2.Tests", "tests\homework2.Tests\homework2.Tests.fsproj", "{697A98E0-5E2A-4032-AE80-F48E81F86666}"
EndProject
Project("{6EC3EE1D-3C4E-46DD-8F32-0CC8E7565705}") = "homework4", "homework4\homework4.fsproj", "{7A72F128-BCEA-4046-B391-FA596E57D604}"
EndProject
Project("{6EC3EE1D-3C4E-46DD-8F32-0CC8E7565705}") = "homework6", "homework6\homework6.fsproj", "{2F96ADE4-E019-402A-9D39-7486F2FC9DEF}"
	ProjectSection(ProjectDependencies) = postProject
		{7A72F128-BCEA-4046-B391-FA596E57D604} = {7A72F128-BCEA-4046-B391-FA596E57D604}
	EndProjectSection
EndProject
Project("{6EC3EE1D-3C4E-46DD-8F32-0CC8E7565705}") = "hw6Tests", "hw6Tests\hw6Tests.fsproj", "{82274089-56BD-4FE7-A935-2278177E7F24}"
	ProjectSection(ProjectDependencies) = postProject
		{2F96ADE4-E019-402A-9D39-7486F2FC9DEF} = {2F96ADE4-E019-402A-9D39-7486F2FC9DEF}
	EndProjectSection
EndProject
Project("{6EC3EE1D-3C4E-46DD-8F32-0CC8E7565705}") = "homework7", "homework7\homework7.fsproj", "{6EF39C20-92F7-436A-8C04-FD2B0ECB52E1}"
EndProject
Project("{F2A71F9B-5D33-465A-A702-920D77279786}") = "hw7Tests", "NUnitTestProject1\hw7Tests.fsproj", "{CA5A960F-2797-40F8-9EA9-79C863FB327B}"
	ProjectSection(ProjectDependencies) = postProject
		{6EF39C20-92F7-436A-8C04-FD2B0ECB52E1} = {6EF39C20-92F7-436A-8C04-FD2B0ECB52E1}
	EndProjectSection
EndProject
Project("{6EC3EE1D-3C4E-46DD-8F32-0CC8E7565705}") = "QuadTree", "homework8\QuadTree.fsproj", "{95A09280-AB21-439A-9BDD-EAD380E5107F}"
EndProject
Project("{6EC3EE1D-3C4E-46DD-8F32-0CC8E7565705}") = "hw8Test", "hw8Test\hw8Test.fsproj", "{41D94EB6-2BB0-4298-AA5E-21BD83E859A9}"
EndProject
Project("{6EC3EE1D-3C4E-46DD-8F32-0CC8E7565705}") = "GeneratorOfSparseMatrices", "GeneratorOfSparseMatrices\GeneratorOfSparseMatrices.fsproj", "{D0D674E0-9C59-4EC3-9B66-08E3D9C99DEE}"
EndProject
Project("{F2A71F9B-5D33-465A-A702-920D77279786}") = "CoolMultyplicationMatrices", "CoolMultyplicationMatrices\CoolMultyplicationMatrices.fsproj", "{BB511045-D430-4337-90ED-B8E3BA418950}"
EndProject
Global
	GlobalSection(SolutionConfigurationPlatforms) = preSolution
		Debug|Any CPU = Debug|Any CPU
		Debug|x64 = Debug|x64
		Debug|x86 = Debug|x86
		Release|Any CPU = Release|Any CPU
		Release|x64 = Release|x64
		Release|x86 = Release|x86
	EndGlobalSection
	GlobalSection(ProjectConfigurationPlatforms) = postSolution
		{7744C7C0-B570-4B66-843E-CB1CE1D6C475}.Debug|Any CPU.ActiveCfg = Debug|Any CPU
		{7744C7C0-B570-4B66-843E-CB1CE1D6C475}.Debug|Any CPU.Build.0 = Debug|Any CPU
		{7744C7C0-B570-4B66-843E-CB1CE1D6C475}.Debug|x64.ActiveCfg = Debug|Any CPU
		{7744C7C0-B570-4B66-843E-CB1CE1D6C475}.Debug|x64.Build.0 = Debug|Any CPU
		{7744C7C0-B570-4B66-843E-CB1CE1D6C475}.Debug|x86.ActiveCfg = Debug|Any CPU
		{7744C7C0-B570-4B66-843E-CB1CE1D6C475}.Debug|x86.Build.0 = Debug|Any CPU
		{7744C7C0-B570-4B66-843E-CB1CE1D6C475}.Release|Any CPU.ActiveCfg = Release|Any CPU
		{7744C7C0-B570-4B66-843E-CB1CE1D6C475}.Release|Any CPU.Build.0 = Release|Any CPU
		{7744C7C0-B570-4B66-843E-CB1CE1D6C475}.Release|x64.ActiveCfg = Release|Any CPU
		{7744C7C0-B570-4B66-843E-CB1CE1D6C475}.Release|x64.Build.0 = Release|Any CPU
		{7744C7C0-B570-4B66-843E-CB1CE1D6C475}.Release|x86.ActiveCfg = Release|Any CPU
		{7744C7C0-B570-4B66-843E-CB1CE1D6C475}.Release|x86.Build.0 = Release|Any CPU
		{697A98E0-5E2A-4032-AE80-F48E81F86666}.Debug|Any CPU.ActiveCfg = Debug|Any CPU
		{697A98E0-5E2A-4032-AE80-F48E81F86666}.Debug|Any CPU.Build.0 = Debug|Any CPU
		{697A98E0-5E2A-4032-AE80-F48E81F86666}.Debug|x64.ActiveCfg = Debug|Any CPU
		{697A98E0-5E2A-4032-AE80-F48E81F86666}.Debug|x64.Build.0 = Debug|Any CPU
		{697A98E0-5E2A-4032-AE80-F48E81F86666}.Debug|x86.ActiveCfg = Debug|Any CPU
		{697A98E0-5E2A-4032-AE80-F48E81F86666}.Debug|x86.Build.0 = Debug|Any CPU
		{697A98E0-5E2A-4032-AE80-F48E81F86666}.Release|Any CPU.ActiveCfg = Release|Any CPU
		{697A98E0-5E2A-4032-AE80-F48E81F86666}.Release|Any CPU.Build.0 = Release|Any CPU
		{697A98E0-5E2A-4032-AE80-F48E81F86666}.Release|x64.ActiveCfg = Release|Any CPU
		{697A98E0-5E2A-4032-AE80-F48E81F86666}.Release|x64.Build.0 = Release|Any CPU
		{697A98E0-5E2A-4032-AE80-F48E81F86666}.Release|x86.ActiveCfg = Release|Any CPU
		{697A98E0-5E2A-4032-AE80-F48E81F86666}.Release|x86.Build.0 = Release|Any CPU
		{7A72F128-BCEA-4046-B391-FA596E57D604}.Debug|Any CPU.ActiveCfg = Debug|Any CPU
		{7A72F128-BCEA-4046-B391-FA596E57D604}.Debug|Any CPU.Build.0 = Debug|Any CPU
		{7A72F128-BCEA-4046-B391-FA596E57D604}.Debug|x64.ActiveCfg = Debug|Any CPU
		{7A72F128-BCEA-4046-B391-FA596E57D604}.Debug|x64.Build.0 = Debug|Any CPU
		{7A72F128-BCEA-4046-B391-FA596E57D604}.Debug|x86.ActiveCfg = Debug|Any CPU
		{7A72F128-BCEA-4046-B391-FA596E57D604}.Debug|x86.Build.0 = Debug|Any CPU
		{7A72F128-BCEA-4046-B391-FA596E57D604}.Release|Any CPU.ActiveCfg = Release|Any CPU
		{7A72F128-BCEA-4046-B391-FA596E57D604}.Release|Any CPU.Build.0 = Release|Any CPU
		{7A72F128-BCEA-4046-B391-FA596E57D604}.Release|x64.ActiveCfg = Release|Any CPU
		{7A72F128-BCEA-4046-B391-FA596E57D604}.Release|x64.Build.0 = Release|Any CPU
		{7A72F128-BCEA-4046-B391-FA596E57D604}.Release|x86.ActiveCfg = Release|Any CPU
		{7A72F128-BCEA-4046-B391-FA596E57D604}.Release|x86.Build.0 = Release|Any CPU
		{2F96ADE4-E019-402A-9D39-7486F2FC9DEF}.Debug|Any CPU.ActiveCfg = Debug|Any CPU
		{2F96ADE4-E019-402A-9D39-7486F2FC9DEF}.Debug|Any CPU.Build.0 = Debug|Any CPU
		{2F96ADE4-E019-402A-9D39-7486F2FC9DEF}.Debug|x64.ActiveCfg = Debug|Any CPU
		{2F96ADE4-E019-402A-9D39-7486F2FC9DEF}.Debug|x64.Build.0 = Debug|Any CPU
		{2F96ADE4-E019-402A-9D39-7486F2FC9DEF}.Debug|x86.ActiveCfg = Debug|Any CPU
		{2F96ADE4-E019-402A-9D39-7486F2FC9DEF}.Debug|x86.Build.0 = Debug|Any CPU
		{2F96ADE4-E019-402A-9D39-7486F2FC9DEF}.Release|Any CPU.ActiveCfg = Release|Any CPU
		{2F96ADE4-E019-402A-9D39-7486F2FC9DEF}.Release|Any CPU.Build.0 = Release|Any CPU
		{2F96ADE4-E019-402A-9D39-7486F2FC9DEF}.Release|x64.ActiveCfg = Release|Any CPU
		{2F96ADE4-E019-402A-9D39-7486F2FC9DEF}.Release|x64.Build.0 = Release|Any CPU
		{2F96ADE4-E019-402A-9D39-7486F2FC9DEF}.Release|x86.ActiveCfg = Release|Any CPU
		{2F96ADE4-E019-402A-9D39-7486F2FC9DEF}.Release|x86.Build.0 = Release|Any CPU
		{82274089-56BD-4FE7-A935-2278177E7F24}.Debug|Any CPU.ActiveCfg = Debug|Any CPU
		{82274089-56BD-4FE7-A935-2278177E7F24}.Debug|Any CPU.Build.0 = Debug|Any CPU
		{82274089-56BD-4FE7-A935-2278177E7F24}.Debug|x64.ActiveCfg = Debug|Any CPU
		{82274089-56BD-4FE7-A935-2278177E7F24}.Debug|x64.Build.0 = Debug|Any CPU
		{82274089-56BD-4FE7-A935-2278177E7F24}.Debug|x86.ActiveCfg = Debug|Any CPU
		{82274089-56BD-4FE7-A935-2278177E7F24}.Debug|x86.Build.0 = Debug|Any CPU
		{82274089-56BD-4FE7-A935-2278177E7F24}.Release|Any CPU.ActiveCfg = Release|Any CPU
		{82274089-56BD-4FE7-A935-2278177E7F24}.Release|Any CPU.Build.0 = Release|Any CPU
		{82274089-56BD-4FE7-A935-2278177E7F24}.Release|x64.ActiveCfg = Release|Any CPU
		{82274089-56BD-4FE7-A935-2278177E7F24}.Release|x64.Build.0 = Release|Any CPU
		{82274089-56BD-4FE7-A935-2278177E7F24}.Release|x86.ActiveCfg = Release|Any CPU
		{82274089-56BD-4FE7-A935-2278177E7F24}.Release|x86.Build.0 = Release|Any CPU
		{6EF39C20-92F7-436A-8C04-FD2B0ECB52E1}.Debug|Any CPU.ActiveCfg = Debug|Any CPU
		{6EF39C20-92F7-436A-8C04-FD2B0ECB52E1}.Debug|Any CPU.Build.0 = Debug|Any CPU
		{6EF39C20-92F7-436A-8C04-FD2B0ECB52E1}.Debug|x64.ActiveCfg = Debug|Any CPU
		{6EF39C20-92F7-436A-8C04-FD2B0ECB52E1}.Debug|x64.Build.0 = Debug|Any CPU
		{6EF39C20-92F7-436A-8C04-FD2B0ECB52E1}.Debug|x86.ActiveCfg = Debug|Any CPU
		{6EF39C20-92F7-436A-8C04-FD2B0ECB52E1}.Debug|x86.Build.0 = Debug|Any CPU
		{6EF39C20-92F7-436A-8C04-FD2B0ECB52E1}.Release|Any CPU.ActiveCfg = Release|Any CPU
		{6EF39C20-92F7-436A-8C04-FD2B0ECB52E1}.Release|Any CPU.Build.0 = Release|Any CPU
		{6EF39C20-92F7-436A-8C04-FD2B0ECB52E1}.Release|x64.ActiveCfg = Release|Any CPU
		{6EF39C20-92F7-436A-8C04-FD2B0ECB52E1}.Release|x64.Build.0 = Release|Any CPU
		{6EF39C20-92F7-436A-8C04-FD2B0ECB52E1}.Release|x86.ActiveCfg = Release|Any CPU
		{6EF39C20-92F7-436A-8C04-FD2B0ECB52E1}.Release|x86.Build.0 = Release|Any CPU
		{CA5A960F-2797-40F8-9EA9-79C863FB327B}.Debug|Any CPU.ActiveCfg = Debug|Any CPU
		{CA5A960F-2797-40F8-9EA9-79C863FB327B}.Debug|Any CPU.Build.0 = Debug|Any CPU
		{CA5A960F-2797-40F8-9EA9-79C863FB327B}.Debug|x64.ActiveCfg = Debug|Any CPU
		{CA5A960F-2797-40F8-9EA9-79C863FB327B}.Debug|x64.Build.0 = Debug|Any CPU
		{CA5A960F-2797-40F8-9EA9-79C863FB327B}.Debug|x86.ActiveCfg = Debug|Any CPU
		{CA5A960F-2797-40F8-9EA9-79C863FB327B}.Debug|x86.Build.0 = Debug|Any CPU
		{CA5A960F-2797-40F8-9EA9-79C863FB327B}.Release|Any CPU.ActiveCfg = Release|Any CPU
		{CA5A960F-2797-40F8-9EA9-79C863FB327B}.Release|Any CPU.Build.0 = Release|Any CPU
		{CA5A960F-2797-40F8-9EA9-79C863FB327B}.Release|x64.ActiveCfg = Release|Any CPU
		{CA5A960F-2797-40F8-9EA9-79C863FB327B}.Release|x64.Build.0 = Release|Any CPU
		{CA5A960F-2797-40F8-9EA9-79C863FB327B}.Release|x86.ActiveCfg = Release|Any CPU
		{CA5A960F-2797-40F8-9EA9-79C863FB327B}.Release|x86.Build.0 = Release|Any CPU
		{95A09280-AB21-439A-9BDD-EAD380E5107F}.Debug|Any CPU.ActiveCfg = Debug|Any CPU
		{95A09280-AB21-439A-9BDD-EAD380E5107F}.Debug|Any CPU.Build.0 = Debug|Any CPU
		{95A09280-AB21-439A-9BDD-EAD380E5107F}.Debug|x64.ActiveCfg = Debug|Any CPU
		{95A09280-AB21-439A-9BDD-EAD380E5107F}.Debug|x64.Build.0 = Debug|Any CPU
		{95A09280-AB21-439A-9BDD-EAD380E5107F}.Debug|x86.ActiveCfg = Debug|Any CPU
		{95A09280-AB21-439A-9BDD-EAD380E5107F}.Debug|x86.Build.0 = Debug|Any CPU
		{95A09280-AB21-439A-9BDD-EAD380E5107F}.Release|Any CPU.ActiveCfg = Release|Any CPU
		{95A09280-AB21-439A-9BDD-EAD380E5107F}.Release|Any CPU.Build.0 = Release|Any CPU
		{95A09280-AB21-439A-9BDD-EAD380E5107F}.Release|x64.ActiveCfg = Release|Any CPU
		{95A09280-AB21-439A-9BDD-EAD380E5107F}.Release|x64.Build.0 = Release|Any CPU
		{95A09280-AB21-439A-9BDD-EAD380E5107F}.Release|x86.ActiveCfg = Release|Any CPU
		{95A09280-AB21-439A-9BDD-EAD380E5107F}.Release|x86.Build.0 = Release|Any CPU
		{41D94EB6-2BB0-4298-AA5E-21BD83E859A9}.Debug|Any CPU.ActiveCfg = Debug|Any CPU
		{41D94EB6-2BB0-4298-AA5E-21BD83E859A9}.Debug|Any CPU.Build.0 = Debug|Any CPU
		{41D94EB6-2BB0-4298-AA5E-21BD83E859A9}.Debug|x64.ActiveCfg = Debug|Any CPU
		{41D94EB6-2BB0-4298-AA5E-21BD83E859A9}.Debug|x64.Build.0 = Debug|Any CPU
		{41D94EB6-2BB0-4298-AA5E-21BD83E859A9}.Debug|x86.ActiveCfg = Debug|Any CPU
		{41D94EB6-2BB0-4298-AA5E-21BD83E859A9}.Debug|x86.Build.0 = Debug|Any CPU
		{41D94EB6-2BB0-4298-AA5E-21BD83E859A9}.Release|Any CPU.ActiveCfg = Release|Any CPU
		{41D94EB6-2BB0-4298-AA5E-21BD83E859A9}.Release|Any CPU.Build.0 = Release|Any CPU
		{41D94EB6-2BB0-4298-AA5E-21BD83E859A9}.Release|x64.ActiveCfg = Release|Any CPU
		{41D94EB6-2BB0-4298-AA5E-21BD83E859A9}.Release|x64.Build.0 = Release|Any CPU
		{41D94EB6-2BB0-4298-AA5E-21BD83E859A9}.Release|x86.ActiveCfg = Release|Any CPU
		{41D94EB6-2BB0-4298-AA5E-21BD83E859A9}.Release|x86.Build.0 = Release|Any CPU
		{D0D674E0-9C59-4EC3-9B66-08E3D9C99DEE}.Debug|Any CPU.ActiveCfg = Debug|Any CPU
		{D0D674E0-9C59-4EC3-9B66-08E3D9C99DEE}.Debug|Any CPU.Build.0 = Debug|Any CPU
		{D0D674E0-9C59-4EC3-9B66-08E3D9C99DEE}.Debug|x64.ActiveCfg = Debug|Any CPU
		{D0D674E0-9C59-4EC3-9B66-08E3D9C99DEE}.Debug|x64.Build.0 = Debug|Any CPU
		{D0D674E0-9C59-4EC3-9B66-08E3D9C99DEE}.Debug|x86.ActiveCfg = Debug|Any CPU
		{D0D674E0-9C59-4EC3-9B66-08E3D9C99DEE}.Debug|x86.Build.0 = Debug|Any CPU
		{D0D674E0-9C59-4EC3-9B66-08E3D9C99DEE}.Release|Any CPU.ActiveCfg = Release|Any CPU
		{D0D674E0-9C59-4EC3-9B66-08E3D9C99DEE}.Release|Any CPU.Build.0 = Release|Any CPU
		{D0D674E0-9C59-4EC3-9B66-08E3D9C99DEE}.Release|x64.ActiveCfg = Release|Any CPU
		{D0D674E0-9C59-4EC3-9B66-08E3D9C99DEE}.Release|x64.Build.0 = Release|Any CPU
		{D0D674E0-9C59-4EC3-9B66-08E3D9C99DEE}.Release|x86.ActiveCfg = Release|Any CPU
		{D0D674E0-9C59-4EC3-9B66-08E3D9C99DEE}.Release|x86.Build.0 = Release|Any CPU
		{BB511045-D430-4337-90ED-B8E3BA418950}.Debug|Any CPU.ActiveCfg = Debug|Any CPU
		{BB511045-D430-4337-90ED-B8E3BA418950}.Debug|Any CPU.Build.0 = Debug|Any CPU
		{BB511045-D430-4337-90ED-B8E3BA418950}.Debug|x64.ActiveCfg = Debug|Any CPU
		{BB511045-D430-4337-90ED-B8E3BA418950}.Debug|x64.Build.0 = Debug|Any CPU
		{BB511045-D430-4337-90ED-B8E3BA418950}.Debug|x86.ActiveCfg = Debug|Any CPU
		{BB511045-D430-4337-90ED-B8E3BA418950}.Debug|x86.Build.0 = Debug|Any CPU
		{BB511045-D430-4337-90ED-B8E3BA418950}.Release|Any CPU.ActiveCfg = Release|Any CPU
		{BB511045-D430-4337-90ED-B8E3BA418950}.Release|Any CPU.Build.0 = Release|Any CPU
		{BB511045-D430-4337-90ED-B8E3BA418950}.Release|x64.ActiveCfg = Release|Any CPU
		{BB511045-D430-4337-90ED-B8E3BA418950}.Release|x64.Build.0 = Release|Any CPU
		{BB511045-D430-4337-90ED-B8E3BA418950}.Release|x86.ActiveCfg = Release|Any CPU
		{BB511045-D430-4337-90ED-B8E3BA418950}.Release|x86.Build.0 = Release|Any CPU
	EndGlobalSection
	GlobalSection(SolutionProperties) = preSolution
		HideSolutionNode = FALSE
	EndGlobalSection
	GlobalSection(NestedProjects) = preSolution
		{7744C7C0-B570-4B66-843E-CB1CE1D6C475} = {C397A34C-84F1-49E7-AEBC-2F9F2B196216}
		{7A72F128-BCEA-4046-B391-FA596E57D604} = {C397A34C-84F1-49E7-AEBC-2F9F2B196216}
		{2F96ADE4-E019-402A-9D39-7486F2FC9DEF} = {C397A34C-84F1-49E7-AEBC-2F9F2B196216}
		{82274089-56BD-4FE7-A935-2278177E7F24} = {ACBEE43C-7A88-4FB1-9B06-DB064D22B29F}
		{CA5A960F-2797-40F8-9EA9-79C863FB327B} = {ACBEE43C-7A88-4FB1-9B06-DB064D22B29F}
	EndGlobalSection
	GlobalSection(ExtensibilityGlobals) = postSolution
		SolutionGuid = {961A0B5A-E72A-49C5-A3A4-EE5E32A3421A}
	EndGlobalSection
EndGlobal
